// !$*UTF8*$!
{
	archiveVersion = 1;
	classes = {
	};
	objectVersion = 46;
	objects = {

/* Begin PBXAggregateTarget section */
		FFFB6BD415B065E800E89568 /* Documentation */ = {
			isa = PBXAggregateTarget;
			buildConfigurationList = FFFB6BD715B065E800E89568 /* Build configuration list for PBXAggregateTarget "Documentation" */;
			buildPhases = (
				FFFB6BDB15B065F200E89568 /* ShellScript */,
			);
			dependencies = (
				FFFB6BDA15B065EE00E89568 /* PBXTargetDependency */,
			);
			name = Documentation;
			productName = Documentation;
		};
/* End PBXAggregateTarget section */

/* Begin PBXBuildFile section */
		AACBBE4A0F95108600F1A2B1 /* Foundation.framework in Frameworks */ = {isa = PBXBuildFile; fileRef = AACBBE490F95108600F1A2B1 /* Foundation.framework */; };
		FF93CD73164DD33900C98D5D /* NSDate+SEAdditions.h in Headers */ = {isa = PBXBuildFile; fileRef = FF93CD65164DD33900C98D5D /* NSDate+SEAdditions.h */; };
		FF93CD74164DD33900C98D5D /* NSDate+SEAdditions.m in Sources */ = {isa = PBXBuildFile; fileRef = FF93CD66164DD33900C98D5D /* NSDate+SEAdditions.m */; };
		FF93CD75164DD33900C98D5D /* NSString+SEAdditions.h in Headers */ = {isa = PBXBuildFile; fileRef = FF93CD67164DD33900C98D5D /* NSString+SEAdditions.h */; };
		FF93CD76164DD33900C98D5D /* NSString+SEAdditions.m in Sources */ = {isa = PBXBuildFile; fileRef = FF93CD68164DD33900C98D5D /* NSString+SEAdditions.m */; };
		FF93CD77164DD33900C98D5D /* NSThread+SEAdditions.m in Sources */ = {isa = PBXBuildFile; fileRef = FF93CD69164DD33900C98D5D /* NSThread+SEAdditions.m */; };
		FF93CD79164DD33900C98D5D /* SELibrary.h in Headers */ = {isa = PBXBuildFile; fileRef = FF93CD6B164DD33900C98D5D /* SELibrary.h */; };
		FF93CD7A164DD33900C98D5D /* SELogging.h in Headers */ = {isa = PBXBuildFile; fileRef = FF93CD6C164DD33900C98D5D /* SELogging.h */; };
		FF93CD7B164DD33900C98D5D /* UIColor+SEAdditions.h in Headers */ = {isa = PBXBuildFile; fileRef = FF93CD6D164DD33900C98D5D /* UIColor+SEAdditions.h */; };
		FF93CD7C164DD33900C98D5D /* UIColor+SEAdditions.m in Sources */ = {isa = PBXBuildFile; fileRef = FF93CD6E164DD33900C98D5D /* UIColor+SEAdditions.m */; };
		FF93CD7D164DD33900C98D5D /* UIImage+SEAdditions.h in Headers */ = {isa = PBXBuildFile; fileRef = FF93CD6F164DD33900C98D5D /* UIImage+SEAdditions.h */; };
		FF93CD7E164DD33900C98D5D /* UIImage+SEAdditions.m in Sources */ = {isa = PBXBuildFile; fileRef = FF93CD70164DD33900C98D5D /* UIImage+SEAdditions.m */; };
		FF93CD80164EE71D00C98D5D /* UIKit.framework in Frameworks */ = {isa = PBXBuildFile; fileRef = FF93CD7F164EE71D00C98D5D /* UIKit.framework */; };
		FF93CD86164EE77A00C98D5D /* SELibrary_Prefix.pch in Headers */ = {isa = PBXBuildFile; fileRef = FF93CD85164EE77A00C98D5D /* SELibrary_Prefix.pch */; };
		FF93CD87164EE7CD00C98D5D /* ImageIO.framework in Frameworks */ = {isa = PBXBuildFile; fileRef = FF93CD81164EE74200C98D5D /* ImageIO.framework */; };
		FF93CD89164EE81100C98D5D /* NSThread+SEAdditions.h in Headers */ = {isa = PBXBuildFile; fileRef = FF93CD88164EE81000C98D5D /* NSThread+SEAdditions.h */; };
		FFE9E2F11658593E00778E21 /* SEAppDelegate.h in Headers */ = {isa = PBXBuildFile; fileRef = FFE9E2EF1658593D00778E21 /* SEAppDelegate.h */; };
		FFE9E2F21658593E00778E21 /* SEAppDelegate.m in Sources */ = {isa = PBXBuildFile; fileRef = FFE9E2F01658593D00778E21 /* SEAppDelegate.m */; };
/* End PBXBuildFile section */

/* Begin PBXContainerItemProxy section */
		FFFB6BD915B065EE00E89568 /* PBXContainerItemProxy */ = {
			isa = PBXContainerItemProxy;
			containerPortal = 0867D690FE84028FC02AAC07 /* Project object */;
			proxyType = 1;
			remoteGlobalIDString = D2AAC07D0554694100DB518D;
			remoteInfo = SELibrary;
		};
/* End PBXContainerItemProxy section */

/* Begin PBXFileReference section */
		AACBBE490F95108600F1A2B1 /* Foundation.framework */ = {isa = PBXFileReference; lastKnownFileType = wrapper.framework; name = Foundation.framework; path = System/Library/Frameworks/Foundation.framework; sourceTree = SDKROOT; };
		D2AAC07E0554694100DB518D /* libSELibrary.a */ = {isa = PBXFileReference; explicitFileType = archive.ar; includeInIndex = 0; path = libSELibrary.a; sourceTree = BUILT_PRODUCTS_DIR; };
		FF89C66F16964B1E0023F9EA /* README.md */ = {isa = PBXFileReference; lastKnownFileType = text; path = README.md; sourceTree = "<group>"; };
		FF93CD65164DD33900C98D5D /* NSDate+SEAdditions.h */ = {isa = PBXFileReference; fileEncoding = 4; lastKnownFileType = sourcecode.c.h; name = "NSDate+SEAdditions.h"; path = "Core/Source/NSDate+SEAdditions.h"; sourceTree = SOURCE_ROOT; };
		FF93CD66164DD33900C98D5D /* NSDate+SEAdditions.m */ = {isa = PBXFileReference; fileEncoding = 4; lastKnownFileType = sourcecode.c.objc; name = "NSDate+SEAdditions.m"; path = "Core/Source/NSDate+SEAdditions.m"; sourceTree = SOURCE_ROOT; };
		FF93CD67164DD33900C98D5D /* NSString+SEAdditions.h */ = {isa = PBXFileReference; fileEncoding = 4; lastKnownFileType = sourcecode.c.h; name = "NSString+SEAdditions.h"; path = "Core/Source/NSString+SEAdditions.h"; sourceTree = SOURCE_ROOT; };
		FF93CD68164DD33900C98D5D /* NSString+SEAdditions.m */ = {isa = PBXFileReference; fileEncoding = 4; lastKnownFileType = sourcecode.c.objc; name = "NSString+SEAdditions.m"; path = "Core/Source/NSString+SEAdditions.m"; sourceTree = SOURCE_ROOT; };
		FF93CD69164DD33900C98D5D /* NSThread+SEAdditions.m */ = {isa = PBXFileReference; fileEncoding = 4; lastKnownFileType = sourcecode.c.objc; name = "NSThread+SEAdditions.m"; path = "Core/Source/NSThread+SEAdditions.m"; sourceTree = SOURCE_ROOT; };
		FF93CD6B164DD33900C98D5D /* SELibrary.h */ = {isa = PBXFileReference; fileEncoding = 4; lastKnownFileType = sourcecode.c.h; name = SELibrary.h; path = Core/Source/SELibrary.h; sourceTree = SOURCE_ROOT; };
		FF93CD6C164DD33900C98D5D /* SELogging.h */ = {isa = PBXFileReference; fileEncoding = 4; lastKnownFileType = sourcecode.c.h; name = SELogging.h; path = Core/Source/SELogging.h; sourceTree = SOURCE_ROOT; };
		FF93CD6D164DD33900C98D5D /* UIColor+SEAdditions.h */ = {isa = PBXFileReference; fileEncoding = 4; lastKnownFileType = sourcecode.c.h; name = "UIColor+SEAdditions.h"; path = "Core/Source/UIColor+SEAdditions.h"; sourceTree = SOURCE_ROOT; };
		FF93CD6E164DD33900C98D5D /* UIColor+SEAdditions.m */ = {isa = PBXFileReference; fileEncoding = 4; lastKnownFileType = sourcecode.c.objc; name = "UIColor+SEAdditions.m"; path = "Core/Source/UIColor+SEAdditions.m"; sourceTree = SOURCE_ROOT; };
		FF93CD6F164DD33900C98D5D /* UIImage+SEAdditions.h */ = {isa = PBXFileReference; fileEncoding = 4; lastKnownFileType = sourcecode.c.h; name = "UIImage+SEAdditions.h"; path = "Core/Source/UIImage+SEAdditions.h"; sourceTree = SOURCE_ROOT; };
		FF93CD70164DD33900C98D5D /* UIImage+SEAdditions.m */ = {isa = PBXFileReference; fileEncoding = 4; lastKnownFileType = sourcecode.c.objc; name = "UIImage+SEAdditions.m"; path = "Core/Source/UIImage+SEAdditions.m"; sourceTree = SOURCE_ROOT; };
		FF93CD7F164EE71D00C98D5D /* UIKit.framework */ = {isa = PBXFileReference; lastKnownFileType = wrapper.framework; name = UIKit.framework; path = System/Library/Frameworks/UIKit.framework; sourceTree = SDKROOT; };
		FF93CD81164EE74200C98D5D /* ImageIO.framework */ = {isa = PBXFileReference; lastKnownFileType = wrapper.framework; name = ImageIO.framework; path = System/Library/Frameworks/ImageIO.framework; sourceTree = SDKROOT; };
		FF93CD85164EE77A00C98D5D /* SELibrary_Prefix.pch */ = {isa = PBXFileReference; fileEncoding = 4; lastKnownFileType = sourcecode.c.h; name = SELibrary_Prefix.pch; path = Core/SELibrary_Prefix.pch; sourceTree = "<group>"; };
		FF93CD88164EE81000C98D5D /* NSThread+SEAdditions.h */ = {isa = PBXFileReference; fileEncoding = 4; lastKnownFileType = sourcecode.c.h; name = "NSThread+SEAdditions.h"; path = "Core/Source/NSThread+SEAdditions.h"; sourceTree = SOURCE_ROOT; };
		FFE9E2EF1658593D00778E21 /* SEAppDelegate.h */ = {isa = PBXFileReference; fileEncoding = 4; lastKnownFileType = sourcecode.c.h; name = SEAppDelegate.h; path = Core/Source/SEAppDelegate.h; sourceTree = SOURCE_ROOT; };
		FFE9E2F01658593D00778E21 /* SEAppDelegate.m */ = {isa = PBXFileReference; fileEncoding = 4; lastKnownFileType = sourcecode.c.objc; name = SEAppDelegate.m; path = Core/Source/SEAppDelegate.m; sourceTree = SOURCE_ROOT; };
/* End PBXFileReference section */

/* Begin PBXFrameworksBuildPhase section */
		D2AAC07C0554694100DB518D /* Frameworks */ = {
			isa = PBXFrameworksBuildPhase;
			buildActionMask = 2147483647;
			files = (
				FF93CD87164EE7CD00C98D5D /* ImageIO.framework in Frameworks */,
				FF93CD80164EE71D00C98D5D /* UIKit.framework in Frameworks */,
				AACBBE4A0F95108600F1A2B1 /* Foundation.framework in Frameworks */,
			);
			runOnlyForDeploymentPostprocessing = 0;
		};
/* End PBXFrameworksBuildPhase section */

/* Begin PBXGroup section */
		034768DFFF38A50411DB9C8B /* Products */ = {
			isa = PBXGroup;
			children = (
				D2AAC07E0554694100DB518D /* libSELibrary.a */,
			);
			name = Products;
			sourceTree = "<group>";
		};
		0867D691FE84028FC02AAC07 /* SELibrary */ = {
			isa = PBXGroup;
			children = (
				FF89C66F16964B1E0023F9EA /* README.md */,
				493C20B51104B04100C78E9B /* Classes */,
				32C88DFF0371C24200C91783 /* Other Sources */,
				0867D69AFE84028FC02AAC07 /* Frameworks */,
				034768DFFF38A50411DB9C8B /* Products */,
			);
			name = SELibrary;
			sourceTree = "<group>";
		};
		0867D69AFE84028FC02AAC07 /* Frameworks */ = {
			isa = PBXGroup;
			children = (
				FF93CD81164EE74200C98D5D /* ImageIO.framework */,
				FF93CD7F164EE71D00C98D5D /* UIKit.framework */,
				AACBBE490F95108600F1A2B1 /* Foundation.framework */,
			);
			name = Frameworks;
			sourceTree = "<group>";
		};
		32C88DFF0371C24200C91783 /* Other Sources */ = {
			isa = PBXGroup;
			children = (
				FF93CD85164EE77A00C98D5D /* SELibrary_Prefix.pch */,
			);
			name = "Other Sources";
			sourceTree = "<group>";
		};
		493C20B51104B04100C78E9B /* Classes */ = {
			isa = PBXGroup;
			children = (
				FFE9E2EF1658593D00778E21 /* SEAppDelegate.h */,
				FFE9E2F01658593D00778E21 /* SEAppDelegate.m */,
				FF93CD65164DD33900C98D5D /* NSDate+SEAdditions.h */,
				FF93CD66164DD33900C98D5D /* NSDate+SEAdditions.m */,
				FF93CD67164DD33900C98D5D /* NSString+SEAdditions.h */,
				FF93CD68164DD33900C98D5D /* NSString+SEAdditions.m */,
				FF93CD88164EE81000C98D5D /* NSThread+SEAdditions.h */,
				FF93CD69164DD33900C98D5D /* NSThread+SEAdditions.m */,
				FF93CD6B164DD33900C98D5D /* SELibrary.h */,
				FF93CD6C164DD33900C98D5D /* SELogging.h */,
				FF93CD6D164DD33900C98D5D /* UIColor+SEAdditions.h */,
				FF93CD6E164DD33900C98D5D /* UIColor+SEAdditions.m */,
				FF93CD6F164DD33900C98D5D /* UIImage+SEAdditions.h */,
				FF93CD70164DD33900C98D5D /* UIImage+SEAdditions.m */,
			);
			path = Classes;
			sourceTree = "<group>";
		};
/* End PBXGroup section */

/* Begin PBXHeadersBuildPhase section */
		D2AAC07A0554694100DB518D /* Headers */ = {
			isa = PBXHeadersBuildPhase;
			buildActionMask = 2147483647;
			files = (
				FF93CD73164DD33900C98D5D /* NSDate+SEAdditions.h in Headers */,
				FF93CD75164DD33900C98D5D /* NSString+SEAdditions.h in Headers */,
				FF93CD79164DD33900C98D5D /* SELibrary.h in Headers */,
				FF93CD7A164DD33900C98D5D /* SELogging.h in Headers */,
				FF93CD7B164DD33900C98D5D /* UIColor+SEAdditions.h in Headers */,
				FF93CD7D164DD33900C98D5D /* UIImage+SEAdditions.h in Headers */,
				FF93CD86164EE77A00C98D5D /* SELibrary_Prefix.pch in Headers */,
				FF93CD89164EE81100C98D5D /* NSThread+SEAdditions.h in Headers */,
				FFE9E2F11658593E00778E21 /* SEAppDelegate.h in Headers */,
			);
			runOnlyForDeploymentPostprocessing = 0;
		};
/* End PBXHeadersBuildPhase section */

/* Begin PBXNativeTarget section */
		D2AAC07D0554694100DB518D /* SELibrary */ = {
			isa = PBXNativeTarget;
			buildConfigurationList = 1DEB921E08733DC00010E9CD /* Build configuration list for PBXNativeTarget "SELibrary" */;
			buildPhases = (
				D2AAC07A0554694100DB518D /* Headers */,
				D2AAC07B0554694100DB518D /* Sources */,
				D2AAC07C0554694100DB518D /* Frameworks */,
			);
			buildRules = (
			);
			dependencies = (
			);
			name = SELibrary;
			productName = SELibrary;
			productReference = D2AAC07E0554694100DB518D /* libSELibrary.a */;
			productType = "com.apple.product-type.library.static";
		};
/* End PBXNativeTarget section */

/* Begin PBXProject section */
		0867D690FE84028FC02AAC07 /* Project object */ = {
			isa = PBXProject;
			attributes = {
				LastUpgradeCheck = 0450;
			};
			buildConfigurationList = 1DEB922208733DC00010E9CD /* Build configuration list for PBXProject "SELibrary" */;
			compatibilityVersion = "Xcode 3.2";
			developmentRegion = English;
			hasScannedForEncodings = 1;
			knownRegions = (
				en,
			);
			mainGroup = 0867D691FE84028FC02AAC07 /* SELibrary */;
			productRefGroup = 034768DFFF38A50411DB9C8B /* Products */;
			projectDirPath = "";
			projectRoot = "";
			targets = (
				D2AAC07D0554694100DB518D /* SELibrary */,
				FFFB6BD415B065E800E89568 /* Documentation */,
			);
		};
/* End PBXProject section */

/* Begin PBXShellScriptBuildPhase section */
		FFFB6BDB15B065F200E89568 /* ShellScript */ = {
			isa = PBXShellScriptBuildPhase;
			buildActionMask = 2147483647;
			files = (
			);
			inputPaths = (
			);
			outputPaths = (
			);
			runOnlyForDeploymentPostprocessing = 0;
			shellPath = /bin/sh;
			shellScript = "appledoc \\\n--project-name ${PROJECT} \\\n--project-company \"Sergio Estevao\" \\\n--company-id com.sergioestevao \\\n--docset-atom-filename \"${PROJECT}.atom\" \\\n--docset-feed-url \"http://localhost/help/${PROJECT}/%DOCSETATOMFILENAME\" \\\n--docset-package-url \"http://localhost/help/${PROJECT}/%DOCSETPACKAGEFILENAME\" \\\n--docset-fallback-url \"http://localhost/help/${PROJECT}/\" \\\n--publish-docset \\\n--logformat xcode \\\n--keep-undocumented-objects \\\n--keep-undocumented-members \\\n--keep-intermediate-files \\\n--no-repeat-first-par \\\n--no-warn-invalid-crossref \\\n--ignore \"*.m\" \\\n--index-desc \"${PROJECT_DIR}/README.md\" \\\n--exit-threshold 2 \\\n--output /Library/WebServer/Documents/help/${PROJECT} \\\n\"${PROJECT_DIR}\"";
		};
/* End PBXShellScriptBuildPhase section */

/* Begin PBXSourcesBuildPhase section */
		D2AAC07B0554694100DB518D /* Sources */ = {
			isa = PBXSourcesBuildPhase;
			buildActionMask = 2147483647;
			files = (
				FF93CD74164DD33900C98D5D /* NSDate+SEAdditions.m in Sources */,
				FF93CD76164DD33900C98D5D /* NSString+SEAdditions.m in Sources */,
				FF93CD77164DD33900C98D5D /* NSThread+SEAdditions.m in Sources */,
				FF93CD7C164DD33900C98D5D /* UIColor+SEAdditions.m in Sources */,
				FF93CD7E164DD33900C98D5D /* UIImage+SEAdditions.m in Sources */,
				FFE9E2F21658593E00778E21 /* SEAppDelegate.m in Sources */,
			);
			runOnlyForDeploymentPostprocessing = 0;
		};
/* End PBXSourcesBuildPhase section */

/* Begin PBXTargetDependency section */
		FFFB6BDA15B065EE00E89568 /* PBXTargetDependency */ = {
			isa = PBXTargetDependency;
			target = D2AAC07D0554694100DB518D /* SELibrary */;
			targetProxy = FFFB6BD915B065EE00E89568 /* PBXContainerItemProxy */;
		};
/* End PBXTargetDependency section */

/* Begin XCBuildConfiguration section */
		1DEB921F08733DC00010E9CD /* Debug */ = {
			isa = XCBuildConfiguration;
			buildSettings = {
				ALWAYS_SEARCH_USER_PATHS = NO;
				ARCHS = "$(ARCHS_STANDARD_32_BIT)";
				CLANG_ENABLE_OBJC_ARC = YES;
				COPY_PHASE_STRIP = NO;
				DSTROOT = /tmp/SELibrary.dst;
				GCC_DYNAMIC_NO_PIC = NO;
				GCC_MODEL_TUNING = G5;
				GCC_OPTIMIZATION_LEVEL = 0;
				GCC_PRECOMPILE_PREFIX_HEADER = YES;
				GCC_PREFIX_HEADER = Core/SELibrary_Prefix.pch;
				INSTALL_PATH = /usr/local/lib;
				PRODUCT_NAME = SELibrary;
			};
			name = Debug;
		};
		1DEB922008733DC00010E9CD /* Release */ = {
			isa = XCBuildConfiguration;
			buildSettings = {
				ALWAYS_SEARCH_USER_PATHS = NO;
				ARCHS = "$(ARCHS_STANDARD_32_BIT)";
				CLANG_ENABLE_OBJC_ARC = YES;
				DSTROOT = /tmp/SELibrary.dst;
				GCC_MODEL_TUNING = G5;
				GCC_PRECOMPILE_PREFIX_HEADER = YES;
				GCC_PREFIX_HEADER = Core/SELibrary_Prefix.pch;
				INSTALL_PATH = /usr/local/lib;
				PRODUCT_NAME = SELibrary;
			};
			name = Release;
		};
		1DEB922308733DC00010E9CD /* Debug */ = {
			isa = XCBuildConfiguration;
			buildSettings = {
				ARCHS = "$(ARCHS_STANDARD_32_BIT)";
				GCC_C_LANGUAGE_STANDARD = c99;
				GCC_OPTIMIZATION_LEVEL = 0;
				GCC_WARN_ABOUT_RETURN_TYPE = YES;
				GCC_WARN_UNUSED_VARIABLE = YES;
				IPHONEOS_DEPLOYMENT_TARGET = 5.0;
				OTHER_LDFLAGS = "-ObjC";
				SDKROOT = iphoneos;
			};
			name = Debug;
		};
		1DEB922408733DC00010E9CD /* Release */ = {
			isa = XCBuildConfiguration;
			buildSettings = {
				ARCHS = "$(ARCHS_STANDARD_32_BIT)";
				GCC_C_LANGUAGE_STANDARD = c99;
				GCC_WARN_ABOUT_RETURN_TYPE = YES;
				GCC_WARN_UNUSED_VARIABLE = YES;
				IPHONEOS_DEPLOYMENT_TARGET = 5.0;
				OTHER_LDFLAGS = "-ObjC";
				SDKROOT = iphoneos;
			};
			name = Release;
		};
		FFFB6BD515B065E800E89568 /* Debug */ = {
			isa = XCBuildConfiguration;
			buildSettings = {
				PRODUCT_NAME = "$(TARGET_NAME)";
			};
			name = Debug;
		};
		FFFB6BD615B065E800E89568 /* Release */ = {
			isa = XCBuildConfiguration;
			buildSettings = {
				PRODUCT_NAME = "$(TARGET_NAME)";
			};
			name = Release;
		};
/* End XCBuildConfiguration section */

/* Begin XCConfigurationList section */
		1DEB921E08733DC00010E9CD /* Build configuration list for PBXNativeTarget "SELibrary" */ = {
			isa = XCConfigurationList;
			buildConfigurations = (
				1DEB921F08733DC00010E9CD /* Debug */,
				1DEB922008733DC00010E9CD /* Release */,
			);
			defaultConfigurationIsVisible = 0;
			defaultConfigurationName = Release;
		};
		1DEB922208733DC00010E9CD /* Build configuration list for PBXProject "SELibrary" */ = {
			isa = XCConfigurationList;
			buildConfigurations = (
				1DEB922308733DC00010E9CD /* Debug */,
				1DEB922408733DC00010E9CD /* Release */,
			);
			defaultConfigurationIsVisible = 0;
			defaultConfigurationName = Release;
		};
		FFFB6BD715B065E800E89568 /* Build configuration list for PBXAggregateTarget "Documentation" */ = {
			isa = XCConfigurationList;
			buildConfigurations = (
				FFFB6BD515B065E800E89568 /* Debug */,
				FFFB6BD615B065E800E89568 /* Release */,
			);
			defaultConfigurationIsVisible = 0;
			defaultConfigurationName = Release;
		};
/* End XCConfigurationList section */
	};
	rootObject = 0867D690FE84028FC02AAC07 /* Project object */;
}
